// !$*UTF8*$!
{
	archiveVersion = 1;
	classes = {
	};
	objectVersion = 46;
	objects = {

/* Begin PBXBuildFile section */
		4C04FA6F1D4F1B84008F2873 /* AppDelegate.swift in Sources */ = {isa = PBXBuildFile; fileRef = 4C04FA6E1D4F1B84008F2873 /* AppDelegate.swift */; };
		4C04FA711D4F1B84008F2873 /* ViewController.swift in Sources */ = {isa = PBXBuildFile; fileRef = 4C04FA701D4F1B84008F2873 /* ViewController.swift */; };
		4C04FA741D4F1B84008F2873 /* Main.storyboard in Resources */ = {isa = PBXBuildFile; fileRef = 4C04FA721D4F1B84008F2873 /* Main.storyboard */; };
		4C04FA761D4F1B84008F2873 /* Assets.xcassets in Resources */ = {isa = PBXBuildFile; fileRef = 4C04FA751D4F1B84008F2873 /* Assets.xcassets */; };
		4C04FA791D4F1B84008F2873 /* LaunchScreen.storyboard in Resources */ = {isa = PBXBuildFile; fileRef = 4C04FA771D4F1B84008F2873 /* LaunchScreen.storyboard */; };
		4C04FA811D4F1C57008F2873 /* ResultViewController.swift in Sources */ = {isa = PBXBuildFile; fileRef = 4C04FA801D4F1C57008F2873 /* ResultViewController.swift */; };
/* End PBXBuildFile section */

/* Begin PBXFileReference section */
		4C04FA6B1D4F1B84008F2873 /* SecondKadaiApp.app */ = {isa = PBXFileReference; explicitFileType = wrapper.application; includeInIndex = 0; path = SecondKadaiApp.app; sourceTree = BUILT_PRODUCTS_DIR; };
		4C04FA6E1D4F1B84008F2873 /* AppDelegate.swift */ = {isa = PBXFileReference; lastKnownFileType = sourcecode.swift; path = AppDelegate.swift; sourceTree = "<group>"; };
		4C04FA701D4F1B84008F2873 /* ViewController.swift */ = {isa = PBXFileReference; lastKnownFileType = sourcecode.swift; path = ViewController.swift; sourceTree = "<group>"; };
		4C04FA731D4F1B84008F2873 /* Base */ = {isa = PBXFileReference; lastKnownFileType = file.storyboard; name = Base; path = Base.lproj/Main.storyboard; sourceTree = "<group>"; };
		4C04FA751D4F1B84008F2873 /* Assets.xcassets */ = {isa = PBXFileReference; lastKnownFileType = folder.assetcatalog; path = Assets.xcassets; sourceTree = "<group>"; };
		4C04FA781D4F1B84008F2873 /* Base */ = {isa = PBXFileReference; lastKnownFileType = file.storyboard; name = Base; path = Base.lproj/LaunchScreen.storyboard; sourceTree = "<group>"; };
		4C04FA7A1D4F1B84008F2873 /* Info.plist */ = {isa = PBXFileReference; lastKnownFileType = text.plist.xml; path = Info.plist; sourceTree = "<group>"; };
		4C04FA801D4F1C57008F2873 /* ResultViewController.swift */ = {isa = PBXFileReference; fileEncoding = 4; lastKnownFileType = sourcecode.swift; path = ResultViewController.swift; sourceTree = "<group>"; };
/* End PBXFileReference section */

/* Begin PBXFrameworksBuildPhase section */
		4C04FA681D4F1B84008F2873 /* Frameworks */ = {
			isa = PBXFrameworksBuildPhase;
			buildActionMask = 2147483647;
			files = (
			);
			runOnlyForDeploymentPostprocessing = 0;
		};
/* End PBXFrameworksBuildPhase section */

/* Begin PBXGroup section */
		4C04FA621D4F1B84008F2873 = {
			isa = PBXGroup;
			children = (
				4C04FA6D1D4F1B84008F2873 /* SecondKadaiApp */,
				4C04FA6C1D4F1B84008F2873 /* Products */,
			);
			sourceTree = "<group>";
		};
		4C04FA6C1D4F1B84008F2873 /* Products */ = {
			isa = PBXGroup;
			children = (
				4C04FA6B1D4F1B84008F2873 /* SecondKadaiApp.app */,
			);
			name = Products;
			sourceTree = "<group>";
		};
		4C04FA6D1D4F1B84008F2873 /* SecondKadaiApp */ = {
			isa = PBXGroup;
			children = (
				4C04FA6E1D4F1B84008F2873 /* AppDelegate.swift */,
				4C04FA701D4F1B84008F2873 /* ViewController.swift */,
				4C04FA721D4F1B84008F2873 /* Main.storyboard */,
				4C04FA801D4F1C57008F2873 /* ResultViewController.swift */,
				4C04FA751D4F1B84008F2873 /* Assets.xcassets */,
				4C04FA771D4F1B84008F2873 /* LaunchScreen.storyboard */,
				4C04FA7A1D4F1B84008F2873 /* Info.plist */,
			);
			path = SecondKadaiApp;
			sourceTree = "<group>";
		};
/* End PBXGroup section */

/* Begin PBXNativeTarget section */
		4C04FA6A1D4F1B84008F2873 /* SecondKadaiApp */ = {
			isa = PBXNativeTarget;
			buildConfigurationList = 4C04FA7D1D4F1B84008F2873 /* Build configuration list for PBXNativeTarget "SecondKadaiApp" */;
			buildPhases = (
				4C04FA671D4F1B84008F2873 /* Sources */,
				4C04FA681D4F1B84008F2873 /* Frameworks */,
				4C04FA691D4F1B84008F2873 /* Resources */,
			);
			buildRules = (
			);
			dependencies = (
			);
			name = SecondKadaiApp;
			productName = SecondKadaiApp;
			productReference = 4C04FA6B1D4F1B84008F2873 /* SecondKadaiApp.app */;
			productType = "com.apple.product-type.application";
		};
/* End PBXNativeTarget section */

/* Begin PBXProject section */
		4C04FA631D4F1B84008F2873 /* Project object */ = {
			isa = PBXProject;
			attributes = {
				LastSwiftUpdateCheck = 0730;
				LastUpgradeCheck = 0730;
				ORGANIZATIONNAME = fanyu.yamada;
				TargetAttributes = {
					4C04FA6A1D4F1B84008F2873 = {
						CreatedOnToolsVersion = 7.3.1;
					};
				};
			};
			buildConfigurationList = 4C04FA661D4F1B84008F2873 /* Build configuration list for PBXProject "SecondKadaiApp" */;
			compatibilityVersion = "Xcode 3.2";
			developmentRegion = English;
			hasScannedForEncodings = 0;
			knownRegions = (
				en,
				Base,
			);
			mainGroup = 4C04FA621D4F1B84008F2873;
			productRefGroup = 4C04FA6C1D4F1B84008F2873 /* Products */;
			projectDirPath = "";
			projectRoot = "";
			targets = (
				4C04FA6A1D4F1B84008F2873 /* SecondKadaiApp */,
			);
		};
/* End PBXProject section */

/* Begin PBXResourcesBuildPhase section */
		4C04FA691D4F1B84008F2873 /* Resources */ = {
			isa = PBXResourcesBuildPhase;
			buildActionMask = 2147483647;
			files = (
				4C04FA791D4F1B84008F2873 /* LaunchScreen.storyboard in Resources */,
				4C04FA761D4F1B84008F2873 /* Assets.xcassets in Resources */,
				4C04FA741D4F1B84008F2873 /* Main.storyboard in Resources */,
			);
			runOnlyForDeploymentPostprocessing = 0;
		};
/* End PBXResourcesBuildPhase section */

/* Begin PBXSourcesBuildPhase section */
		4C04FA671D4F1B84008F2873 /* Sources */ = {
			isa = PBXSourcesBuildPhase;
			buildActionMask = 2147483647;
			files = (
				4C04FA711D4F1B84008F2873 /* ViewController.swift in Sources */,
				4C04FA6F1D4F1B84008F2873 /* AppDelegate.swift in Sources */,
				4C04FA811D4F1C57008F2873 /* ResultViewController.swift in Sources */,
			);
			runOnlyForDeploymentPostprocessing = 0;
		};
/* End PBXSourcesBuildPhase section */

/* Begin PBXVariantGroup section */
		4C04FA721D4F1B84008F2873 /* Main.storyboard */ = {
			isa = PBXVariantGroup;
			children = (
				4C04FA731D4F1B84008F2873 /* Base */,
			);
			name = Main.storyboard;
			sourceTree = "<group>";
		};
		4C04FA771D4F1B84008F2873 /* LaunchScreen.storyboard */ = {
			isa = PBXVariantGroup;
			children = (
				4C04FA781D4F1B84008F2873 /* Base */,
			);
			name = LaunchScreen.storyboard;
			sourceTree = "<group>";
		};
/* End PBXVariantGroup section */

/* Begin XCBuildConfiguration section */
		4C04FA7B1D4F1B84008F2873 /* Debug */ = {
			isa = XCBuildConfiguration;
			buildSettings = {
				ALWAYS_SEARCH_USER_PATHS = NO;
				CLANG_ANALYZER_NONNULL = YES;
				CLANG_CXX_LANGUAGE_STANDARD = "gnu++0x";
				CLANG_CXX_LIBRARY = "libc++";
				CLANG_ENABLE_MODULES = YES;
				CLANG_ENABLE_OBJC_ARC = YES;
				CLANG_WARN_BOOL_CONVERSION = YES;
				CLANG_WARN_CONSTANT_CONVERSION = YES;
				CLANG_WARN_DIRECT_OBJC_ISA_USAGE = YES_ERROR;
				CLANG_WARN_EMPTY_BODY = YES;
				CLANG_WARN_ENUM_CONVERSION = YES;
				CLANG_WARN_INT_CONVERSION = YES;
				CLANG_WARN_OBJC_ROOT_CLASS = YES_ERROR;
				CLANG_WARN_UNREACHABLE_CODE = YES;
				CLANG_WARN__DUPLICATE_METHOD_MATCH = YES;
				"CODE_SIGN_IDENTITY[sdk=iphoneos*]" = "iPhone Developer";
				COPY_PHASE_STRIP = NO;
				DEBUG_INFORMATION_FORMAT = dwarf;
				ENABLE_STRICT_OBJC_MSGSEND = YES;
				ENABLE_TESTABILITY = YES;
				GCC_C_LANGUAGE_STANDARD = gnu99;
				GCC_DYNAMIC_NO_PIC = NO;
				GCC_NO_COMMON_BLOCKS = YES;
				GCC_OPTIMIZATION_LEVEL = 0;
				GCC_PREPROCESSOR_DEFINITIONS = (
					"DEBUG=1",
					"$(inherited)",
				);
				GCC_WARN_64_TO_32_BIT_CONVERSION = YES;
				GCC_WARN_ABOUT_RETURN_TYPE = YES_ERROR;
				GCC_WARN_UNDECLARED_SELECTOR = YES;
				GCC_WARN_UNINITIALIZED_AUTOS = YES_AGGRESSIVE;
				GCC_WARN_UNUSED_FUNCTION = YES;
				GCC_WARN_UNUSED_VARIABLE = YES;
				IPHONEOS_DEPLOYMENT_TARGET = 9.3;
				MTL_ENABLE_DEBUG_INFO = YES;
				ONLY_ACTIVE_ARCH = YES;
				SDKROOT = iphoneos;
				SWIFT_OPTIMIZATION_LEVEL = "-Onone";
			};
			name = Debug;
		};
		4C04FA7C1D4F1B84008F2873 /* Release */ = {
			isa = XCBuildConfiguration;
			buildSettings = {
				ALWAYS_SEARCH_USER_PATHS = NO;
				CLANG_ANALYZER_NONNULL = YES;
				CLANG_CXX_LANGUAGE_STANDARD = "gnu++0x";
				CLANG_CXX_LIBRARY = "libc++";
				CLANG_ENABLE_MODULES = YES;
				CLANG_ENABLE_OBJC_ARC = YES;
				CLANG_WARN_BOOL_CONVERSION = YES;
				CLANG_WARN_CONSTANT_CONVERSION = YES;
				CLANG_WARN_DIRECT_OBJC_ISA_USAGE = YES_ERROR;
				CLANG_WARN_EMPTY_BODY = YES;
				CLANG_WARN_ENUM_CONVERSION = YES;
				CLANG_WARN_INT_CONVERSION = YES;
				CLANG_WARN_OBJC_ROOT_CLASS = YES_ERROR;
				CLANG_WARN_UNREACHABLE_CODE = YES;
				CLANG_WARN__DUPLICATE_METHOD_MATCH = YES;
				"CODE_SIGN_IDENTITY[sdk=iphoneos*]" = "iPhone Developer";
				COPY_PHASE_STRIP = NO;
				DEBUG_INFORMATION_FORMAT = "dwarf-with-dsym";
				ENABLE_NS_ASSERTIONS = NO;
				ENABLE_STRICT_OBJC_MSGSEND = YES;
				GCC_C_LANGUAGE_STANDARD = gnu99;
				GCC_NO_COMMON_BLOCKS = YES;
				GCC_WARN_64_TO_32_BIT_CONVERSION = YES;
				GCC_WARN_ABOUT_RETURN_TYPE = YES_ERROR;
				GCC_WARN_UNDECLARED_SELECTOR = YES;
				GCC_WARN_UNINITIALIZED_AUTOS = YES_AGGRESSIVE;
				GCC_WARN_UNUSED_FUNCTION = YES;
				GCC_WARN_UNUSED_VARIABLE = YES;
				IPHONEOS_DEPLOYMENT_TARGET = 9.3;
				MTL_ENABLE_DEBUG_INFO = NO;
				SDKROOT = iphoneos;
				VALIDATE_PRODUCT = YES;
			};
			name = Release;
		};
		4C04FA7E1D4F1B84008F2873 /* Debug */ = {
			isa = XCBuildConfiguration;
			buildSettings = {
				ASSETCATALOG_COMPILER_APPICON_NAME = AppIcon;
				INFOPLIST_FILE = SecondKadaiApp/Info.plist;
				LD_RUNPATH_SEARCH_PATHS = "$(inherited) @executable_path/Frameworks";
				PRODUCT_BUNDLE_IDENTIFIER = jp.techacademy.fanyu.yamada.SecondKadaiApp;
				PRODUCT_NAME = "$(TARGET_NAME)";
			};
			name = Debug;
		};
		4C04FA7F1D4F1B84008F2873 /* Release */ = {
			isa = XCBuildConfiguration;
			buildSettings = {
				ASSETCATALOG_COMPILER_APPICON_NAME = AppIcon;
				INFOPLIST_FILE = SecondKadaiApp/Info.plist;
				LD_RUNPATH_SEARCH_PATHS = "$(inherited) @executable_path/Frameworks";
				PRODUCT_BUNDLE_IDENTIFIER = jp.techacademy.fanyu.yamada.SecondKadaiApp;
				PRODUCT_NAME = "$(TARGET_NAME)";
			};
			name = Release;
		};
/* End XCBuildConfiguration section */

/* Begin XCConfigurationList section */
		4C04FA661D4F1B84008F2873 /* Build configuration list for PBXProject "SecondKadaiApp" */ = {
			isa = XCConfigurationList;
			buildConfigurations = (
				4C04FA7B1D4F1B84008F2873 /* Debug */,
				4C04FA7C1D4F1B84008F2873 /* Release */,
			);
			defaultConfigurationIsVisible = 0;
			defaultConfigurationName = Release;
		};
		4C04FA7D1D4F1B84008F2873 /* Build configuration list for PBXNativeTarget "SecondKadaiApp" */ = {
			isa = XCConfigurationList;
			buildConfigurations = (
				4C04FA7E1D4F1B84008F2873 /* Debug */,
				4C04FA7F1D4F1B84008F2873 /* Release */,
			);
			defaultConfigurationIsVisible = 0;
		};
/* End XCConfigurationList section */
	};
	rootObject = 4C04FA631D4F1B84008F2873 /* Project object */;
}
